
Microsoft Visual Studio Solution File, Format Version 12.00
# Visual Studio Version 16
VisualStudioVersion = 16.0.29806.167
MinimumVisualStudioVersion = 10.0.40219.1
Project("{FAE04EC0-301F-11D3-BF4B-00C04F79EFBC}") = "SEDC.Homework05.App", "SEDC.Homework05.App\SEDC.Homework05.App.csproj", "{64EE5820-D47A-420F-98BD-395F88E5FBF5}"
EndProject
Project("{FAE04EC0-301F-11D3-BF4B-00C04F79EFBC}") = "SEDC.Homework05.FirstExercise", "Dog\SEDC.Homework05.FirstExercise.csproj", "{EA231169-BE6C-491C-9291-F1F26BB31215}"
EndProject
Project("{FAE04EC0-301F-11D3-BF4B-00C04F79EFBC}") = "SEDC.Homework05.RacingCars", "SEDC.Homework\SEDC.Homework05.RacingCars.csproj", "{3BE297FA-CAEE-4830-ADA8-BD3B61E16CF7}"
EndProject
Global
	GlobalSection(SolutionConfigurationPlatforms) = preSolution
		Debug|Any CPU = Debug|Any CPU
		Release|Any CPU = Release|Any CPU
	EndGlobalSection
	GlobalSection(ProjectConfigurationPlatforms) = postSolution
		{64EE5820-D47A-420F-98BD-395F88E5FBF5}.Debug|Any CPU.ActiveCfg = Debug|Any CPU
		{64EE5820-D47A-420F-98BD-395F88E5FBF5}.Debug|Any CPU.Build.0 = Debug|Any CPU
		{64EE5820-D47A-420F-98BD-395F88E5FBF5}.Release|Any CPU.ActiveCfg = Release|Any CPU
		{64EE5820-D47A-420F-98BD-395F88E5FBF5}.Release|Any CPU.Build.0 = Release|Any CPU
		{EA231169-BE6C-491C-9291-F1F26BB31215}.Debug|Any CPU.ActiveCfg = Debug|Any CPU
		{EA231169-BE6C-491C-9291-F1F26BB31215}.Debug|Any CPU.Build.0 = Debug|Any CPU
		{EA231169-BE6C-491C-9291-F1F26BB31215}.Release|Any CPU.ActiveCfg = Release|Any CPU
		{EA231169-BE6C-491C-9291-F1F26BB31215}.Release|Any CPU.Build.0 = Release|Any CPU
		{3BE297FA-CAEE-4830-ADA8-BD3B61E16CF7}.Debug|Any CPU.ActiveCfg = Debug|Any CPU
		{3BE297FA-CAEE-4830-ADA8-BD3B61E16CF7}.Debug|Any CPU.Build.0 = Debug|Any CPU
		{3BE297FA-CAEE-4830-ADA8-BD3B61E16CF7}.Release|Any CPU.ActiveCfg = Release|Any CPU
		{3BE297FA-CAEE-4830-ADA8-BD3B61E16CF7}.Release|Any CPU.Build.0 = Release|Any CPU
	EndGlobalSection
	GlobalSection(SolutionProperties) = preSolution
		HideSolutionNode = FALSE
	EndGlobalSection
	GlobalSection(ExtensibilityGlobals) = postSolution
		SolutionGuid = {57CE6ED7-C15B-461E-92EF-591029FD92A4}
	EndGlobalSection
EndGlobal
