
Microsoft Visual Studio Solution File, Format Version 12.00
# Visual Studio Version 16
VisualStudioVersion = 16.0.29806.167
MinimumVisualStudioVersion = 10.0.40219.1
Project("{FAE04EC0-301F-11D3-BF4B-00C04F79EFBC}") = "SEDC.Homework04.Methods", "SEDC.Homework04.Methods\SEDC.Homework04.Methods.csproj", "{29868EA4-8689-4F01-B297-81F17B4E5E8D}"
EndProject
Global
	GlobalSection(SolutionConfigurationPlatforms) = preSolution
		Debug|Any CPU = Debug|Any CPU
		Release|Any CPU = Release|Any CPU
	EndGlobalSection
	GlobalSection(ProjectConfigurationPlatforms) = postSolution
		{29868EA4-8689-4F01-B297-81F17B4E5E8D}.Debug|Any CPU.ActiveCfg = Debug|Any CPU
		{29868EA4-8689-4F01-B297-81F17B4E5E8D}.Debug|Any CPU.Build.0 = Debug|Any CPU
		{29868EA4-8689-4F01-B297-81F17B4E5E8D}.Release|Any CPU.ActiveCfg = Release|Any CPU
		{29868EA4-8689-4F01-B297-81F17B4E5E8D}.Release|Any CPU.Build.0 = Release|Any CPU
	EndGlobalSection
	GlobalSection(SolutionProperties) = preSolution
		HideSolutionNode = FALSE
	EndGlobalSection
	GlobalSection(ExtensibilityGlobals) = postSolution
		SolutionGuid = {E3D77A22-F4CB-49EC-8F0E-705814B64247}
	EndGlobalSection
EndGlobal
